// !$*UTF8*$!
{
	archiveVersion = 1;
	classes = {
	};
	objectVersion = 50;
	objects = {

/* Begin PBXBuildFile section */
		7AC96A70248E926400C8D1EC /* AppDelegate.swift in Sources */ = {isa = PBXBuildFile; fileRef = 7AC96A6F248E926400C8D1EC /* AppDelegate.swift */; };
		7AC96A72248E926500C8D1EC /* SceneDelegate.swift in Sources */ = {isa = PBXBuildFile; fileRef = 7AC96A71248E926400C8D1EC /* SceneDelegate.swift */; };
		7AC96A74248E926500C8D1EC /* ContentView.swift in Sources */ = {isa = PBXBuildFile; fileRef = 7AC96A73248E926500C8D1EC /* ContentView.swift */; };
		7AC96A76248E926600C8D1EC /* Assets.xcassets in Resources */ = {isa = PBXBuildFile; fileRef = 7AC96A75248E926600C8D1EC /* Assets.xcassets */; };
		7AC96A79248E926600C8D1EC /* Preview Assets.xcassets in Resources */ = {isa = PBXBuildFile; fileRef = 7AC96A78248E926600C8D1EC /* Preview Assets.xcassets */; };
		7AC96A7C248E926600C8D1EC /* LaunchScreen.storyboard in Resources */ = {isa = PBXBuildFile; fileRef = 7AC96A7A248E926600C8D1EC /* LaunchScreen.storyboard */; };
		7AC96A84248E929900C8D1EC /* Insect.swift in Sources */ = {isa = PBXBuildFile; fileRef = 7AC96A83248E929900C8D1EC /* Insect.swift */; };
		7AC96A89248E988B00C8D1EC /* insectData.json in Resources */ = {isa = PBXBuildFile; fileRef = 7AC96A88248E988B00C8D1EC /* insectData.json */; };
		7AC96A8E248E9B7F00C8D1EC /* InsectData.swift in Sources */ = {isa = PBXBuildFile; fileRef = 7AC96A8D248E9B7F00C8D1EC /* InsectData.swift */; };
		7AC96A90248EA74100C8D1EC /* InsectCellView.swift in Sources */ = {isa = PBXBuildFile; fileRef = 7AC96A8F248EA74100C8D1EC /* InsectCellView.swift */; };
		7AC96AA2248EABE000C8D1EC /* InsectListView.swift in Sources */ = {isa = PBXBuildFile; fileRef = 7AC96AA1248EABE000C8D1EC /* InsectListView.swift */; };
		7AC96AA4248EAC6100C8D1EC /* InsectDetailView.swift in Sources */ = {isa = PBXBuildFile; fileRef = 7AC96AA3248EAC6100C8D1EC /* InsectDetailView.swift */; };
/* End PBXBuildFile section */

/* Begin PBXFileReference section */
		7AC96A6C248E926400C8D1EC /* Cross-Platform.app */ = {isa = PBXFileReference; explicitFileType = wrapper.application; includeInIndex = 0; path = "Cross-Platform.app"; sourceTree = BUILT_PRODUCTS_DIR; };
		7AC96A6F248E926400C8D1EC /* AppDelegate.swift */ = {isa = PBXFileReference; lastKnownFileType = sourcecode.swift; path = AppDelegate.swift; sourceTree = "<group>"; };
		7AC96A71248E926400C8D1EC /* SceneDelegate.swift */ = {isa = PBXFileReference; lastKnownFileType = sourcecode.swift; path = SceneDelegate.swift; sourceTree = "<group>"; };
		7AC96A73248E926500C8D1EC /* ContentView.swift */ = {isa = PBXFileReference; lastKnownFileType = sourcecode.swift; path = ContentView.swift; sourceTree = "<group>"; };
		7AC96A75248E926600C8D1EC /* Assets.xcassets */ = {isa = PBXFileReference; lastKnownFileType = folder.assetcatalog; path = Assets.xcassets; sourceTree = "<group>"; };
		7AC96A78248E926600C8D1EC /* Preview Assets.xcassets */ = {isa = PBXFileReference; lastKnownFileType = folder.assetcatalog; path = "Preview Assets.xcassets"; sourceTree = "<group>"; };
		7AC96A7B248E926600C8D1EC /* Base */ = {isa = PBXFileReference; lastKnownFileType = file.storyboard; name = Base; path = Base.lproj/LaunchScreen.storyboard; sourceTree = "<group>"; };
		7AC96A7D248E926600C8D1EC /* Info.plist */ = {isa = PBXFileReference; lastKnownFileType = text.plist.xml; path = Info.plist; sourceTree = "<group>"; };
		7AC96A83248E929900C8D1EC /* Insect.swift */ = {isa = PBXFileReference; lastKnownFileType = sourcecode.swift; path = Insect.swift; sourceTree = "<group>"; };
		7AC96A88248E988B00C8D1EC /* insectData.json */ = {isa = PBXFileReference; fileEncoding = 4; lastKnownFileType = text.json; path = insectData.json; sourceTree = "<group>"; };
		7AC96A8D248E9B7F00C8D1EC /* InsectData.swift */ = {isa = PBXFileReference; lastKnownFileType = sourcecode.swift; path = InsectData.swift; sourceTree = "<group>"; };
		7AC96A8F248EA74100C8D1EC /* InsectCellView.swift */ = {isa = PBXFileReference; lastKnownFileType = sourcecode.swift; path = InsectCellView.swift; sourceTree = "<group>"; };
		7AC96AA1248EABE000C8D1EC /* InsectListView.swift */ = {isa = PBXFileReference; lastKnownFileType = sourcecode.swift; path = InsectListView.swift; sourceTree = "<group>"; };
		7AC96AA3248EAC6100C8D1EC /* InsectDetailView.swift */ = {isa = PBXFileReference; lastKnownFileType = sourcecode.swift; path = InsectDetailView.swift; sourceTree = "<group>"; };
/* End PBXFileReference section */

/* Begin PBXFrameworksBuildPhase section */
		7AC96A69248E926400C8D1EC /* Frameworks */ = {
			isa = PBXFrameworksBuildPhase;
			buildActionMask = 2147483647;
			files = (
			);
			runOnlyForDeploymentPostprocessing = 0;
		};
/* End PBXFrameworksBuildPhase section */

/* Begin PBXGroup section */
		7AC96A63248E926400C8D1EC = {
			isa = PBXGroup;
			children = (
				7AC96A6E248E926400C8D1EC /* Cross-Platform */,
				7AC96A6D248E926400C8D1EC /* Products */,
			);
			sourceTree = "<group>";
		};
		7AC96A6D248E926400C8D1EC /* Products */ = {
			isa = PBXGroup;
			children = (
				7AC96A6C248E926400C8D1EC /* Cross-Platform.app */,
			);
			name = Products;
			sourceTree = "<group>";
		};
		7AC96A6E248E926400C8D1EC /* Cross-Platform */ = {
			isa = PBXGroup;
			children = (
				7AC96A8C248E9B4300C8D1EC /* Models */,
				7AC96A87248E986C00C8D1EC /* Resources */,
				7AC96A6F248E926400C8D1EC /* AppDelegate.swift */,
				7AC96A71248E926400C8D1EC /* SceneDelegate.swift */,
				7AC96A73248E926500C8D1EC /* ContentView.swift */,
				7AC96A8F248EA74100C8D1EC /* InsectCellView.swift */,
				7AC96AA1248EABE000C8D1EC /* InsectListView.swift */,
				7AC96AA3248EAC6100C8D1EC /* InsectDetailView.swift */,
				7AC96A75248E926600C8D1EC /* Assets.xcassets */,
				7AC96A7A248E926600C8D1EC /* LaunchScreen.storyboard */,
				7AC96A7D248E926600C8D1EC /* Info.plist */,
				7AC96A77248E926600C8D1EC /* Preview Content */,
			);
			path = "Cross-Platform";
			sourceTree = "<group>";
		};
		7AC96A77248E926600C8D1EC /* Preview Content */ = {
			isa = PBXGroup;
			children = (
				7AC96A78248E926600C8D1EC /* Preview Assets.xcassets */,
			);
			path = "Preview Content";
			sourceTree = "<group>";
		};
		7AC96A87248E986C00C8D1EC /* Resources */ = {
			isa = PBXGroup;
			children = (
				7AC96A88248E988B00C8D1EC /* insectData.json */,
			);
			path = Resources;
			sourceTree = "<group>";
		};
		7AC96A8C248E9B4300C8D1EC /* Models */ = {
			isa = PBXGroup;
			children = (
				7AC96A83248E929900C8D1EC /* Insect.swift */,
				7AC96A8D248E9B7F00C8D1EC /* InsectData.swift */,
			);
			path = Models;
			sourceTree = "<group>";
		};
/* End PBXGroup section */

/* Begin PBXNativeTarget section */
		7AC96A6B248E926400C8D1EC /* Cross-Platform */ = {
			isa = PBXNativeTarget;
			buildConfigurationList = 7AC96A80248E926600C8D1EC /* Build configuration list for PBXNativeTarget "Cross-Platform" */;
			buildPhases = (
				7AC96A68248E926400C8D1EC /* Sources */,
				7AC96A69248E926400C8D1EC /* Frameworks */,
				7AC96A6A248E926400C8D1EC /* Resources */,
			);
			buildRules = (
			);
			dependencies = (
			);
			name = "Cross-Platform";
			productName = "Cross-Platform";
			productReference = 7AC96A6C248E926400C8D1EC /* Cross-Platform.app */;
			productType = "com.apple.product-type.application";
		};
/* End PBXNativeTarget section */

/* Begin PBXProject section */
		7AC96A64248E926400C8D1EC /* Project object */ = {
			isa = PBXProject;
			attributes = {
				LastSwiftUpdateCheck = 1140;
				LastUpgradeCheck = 1140;
				ORGANIZATIONNAME = "Edgar Nzokwe";
				TargetAttributes = {
					7AC96A6B248E926400C8D1EC = {
						CreatedOnToolsVersion = 11.4;
					};
				};
			};
			buildConfigurationList = 7AC96A67248E926400C8D1EC /* Build configuration list for PBXProject "Cross-Platform" */;
			compatibilityVersion = "Xcode 9.3";
			developmentRegion = en;
			hasScannedForEncodings = 0;
			knownRegions = (
				en,
				Base,
			);
			mainGroup = 7AC96A63248E926400C8D1EC;
			productRefGroup = 7AC96A6D248E926400C8D1EC /* Products */;
			projectDirPath = "";
			projectRoot = "";
			targets = (
				7AC96A6B248E926400C8D1EC /* Cross-Platform */,
			);
		};
/* End PBXProject section */

/* Begin PBXResourcesBuildPhase section */
		7AC96A6A248E926400C8D1EC /* Resources */ = {
			isa = PBXResourcesBuildPhase;
			buildActionMask = 2147483647;
			files = (
				7AC96A7C248E926600C8D1EC /* LaunchScreen.storyboard in Resources */,
				7AC96A79248E926600C8D1EC /* Preview Assets.xcassets in Resources */,
				7AC96A76248E926600C8D1EC /* Assets.xcassets in Resources */,
				7AC96A89248E988B00C8D1EC /* insectData.json in Resources */,
			);
			runOnlyForDeploymentPostprocessing = 0;
		};
/* End PBXResourcesBuildPhase section */

/* Begin PBXSourcesBuildPhase section */
		7AC96A68248E926400C8D1EC /* Sources */ = {
			isa = PBXSourcesBuildPhase;
			buildActionMask = 2147483647;
			files = (
				7AC96A70248E926400C8D1EC /* AppDelegate.swift in Sources */,
				7AC96A8E248E9B7F00C8D1EC /* InsectData.swift in Sources */,
				7AC96AA2248EABE000C8D1EC /* InsectListView.swift in Sources */,
				7AC96A90248EA74100C8D1EC /* InsectCellView.swift in Sources */,
				7AC96A84248E929900C8D1EC /* Insect.swift in Sources */,
				7AC96AA4248EAC6100C8D1EC /* InsectDetailView.swift in Sources */,
				7AC96A72248E926500C8D1EC /* SceneDelegate.swift in Sources */,
				7AC96A74248E926500C8D1EC /* ContentView.swift in Sources */,
			);
			runOnlyForDeploymentPostprocessing = 0;
		};
/* End PBXSourcesBuildPhase section */

/* Begin PBXVariantGroup section */
		7AC96A7A248E926600C8D1EC /* LaunchScreen.storyboard */ = {
			isa = PBXVariantGroup;
			children = (
				7AC96A7B248E926600C8D1EC /* Base */,
			);
			name = LaunchScreen.storyboard;
			sourceTree = "<group>";
		};
/* End PBXVariantGroup section */

/* Begin XCBuildConfiguration section */
		7AC96A7E248E926600C8D1EC /* Debug */ = {
			isa = XCBuildConfiguration;
			buildSettings = {
				ALWAYS_SEARCH_USER_PATHS = NO;
				CLANG_ANALYZER_NONNULL = YES;
				CLANG_ANALYZER_NUMBER_OBJECT_CONVERSION = YES_AGGRESSIVE;
				CLANG_CXX_LANGUAGE_STANDARD = "gnu++14";
				CLANG_CXX_LIBRARY = "libc++";
				CLANG_ENABLE_MODULES = YES;
				CLANG_ENABLE_OBJC_ARC = YES;
				CLANG_ENABLE_OBJC_WEAK = YES;
				CLANG_WARN_BLOCK_CAPTURE_AUTORELEASING = YES;
				CLANG_WARN_BOOL_CONVERSION = YES;
				CLANG_WARN_COMMA = YES;
				CLANG_WARN_CONSTANT_CONVERSION = YES;
				CLANG_WARN_DEPRECATED_OBJC_IMPLEMENTATIONS = YES;
				CLANG_WARN_DIRECT_OBJC_ISA_USAGE = YES_ERROR;
				CLANG_WARN_DOCUMENTATION_COMMENTS = YES;
				CLANG_WARN_EMPTY_BODY = YES;
				CLANG_WARN_ENUM_CONVERSION = YES;
				CLANG_WARN_INFINITE_RECURSION = YES;
				CLANG_WARN_INT_CONVERSION = YES;
				CLANG_WARN_NON_LITERAL_NULL_CONVERSION = YES;
				CLANG_WARN_OBJC_IMPLICIT_RETAIN_SELF = YES;
				CLANG_WARN_OBJC_LITERAL_CONVERSION = YES;
				CLANG_WARN_OBJC_ROOT_CLASS = YES_ERROR;
				CLANG_WARN_RANGE_LOOP_ANALYSIS = YES;
				CLANG_WARN_STRICT_PROTOTYPES = YES;
				CLANG_WARN_SUSPICIOUS_MOVE = YES;
				CLANG_WARN_UNGUARDED_AVAILABILITY = YES_AGGRESSIVE;
				CLANG_WARN_UNREACHABLE_CODE = YES;
				CLANG_WARN__DUPLICATE_METHOD_MATCH = YES;
				COPY_PHASE_STRIP = NO;
				DEBUG_INFORMATION_FORMAT = dwarf;
				ENABLE_STRICT_OBJC_MSGSEND = YES;
				ENABLE_TESTABILITY = YES;
				GCC_C_LANGUAGE_STANDARD = gnu11;
				GCC_DYNAMIC_NO_PIC = NO;
				GCC_NO_COMMON_BLOCKS = YES;
				GCC_OPTIMIZATION_LEVEL = 0;
				GCC_PREPROCESSOR_DEFINITIONS = (
					"DEBUG=1",
					"$(inherited)",
				);
				GCC_WARN_64_TO_32_BIT_CONVERSION = YES;
				GCC_WARN_ABOUT_RETURN_TYPE = YES_ERROR;
				GCC_WARN_UNDECLARED_SELECTOR = YES;
				GCC_WARN_UNINITIALIZED_AUTOS = YES_AGGRESSIVE;
				GCC_WARN_UNUSED_FUNCTION = YES;
				GCC_WARN_UNUSED_VARIABLE = YES;
				IPHONEOS_DEPLOYMENT_TARGET = 13.4;
				MTL_ENABLE_DEBUG_INFO = INCLUDE_SOURCE;
				MTL_FAST_MATH = YES;
				ONLY_ACTIVE_ARCH = YES;
				SDKROOT = iphoneos;
				SWIFT_ACTIVE_COMPILATION_CONDITIONS = DEBUG;
				SWIFT_OPTIMIZATION_LEVEL = "-Onone";
			};
			name = Debug;
		};
		7AC96A7F248E926600C8D1EC /* Release */ = {
			isa = XCBuildConfiguration;
			buildSettings = {
				ALWAYS_SEARCH_USER_PATHS = NO;
				CLANG_ANALYZER_NONNULL = YES;
				CLANG_ANALYZER_NUMBER_OBJECT_CONVERSION = YES_AGGRESSIVE;
				CLANG_CXX_LANGUAGE_STANDARD = "gnu++14";
				CLANG_CXX_LIBRARY = "libc++";
				CLANG_ENABLE_MODULES = YES;
				CLANG_ENABLE_OBJC_ARC = YES;
				CLANG_ENABLE_OBJC_WEAK = YES;
				CLANG_WARN_BLOCK_CAPTURE_AUTORELEASING = YES;
				CLANG_WARN_BOOL_CONVERSION = YES;
				CLANG_WARN_COMMA = YES;
				CLANG_WARN_CONSTANT_CONVERSION = YES;
				CLANG_WARN_DEPRECATED_OBJC_IMPLEMENTATIONS = YES;
				CLANG_WARN_DIRECT_OBJC_ISA_USAGE = YES_ERROR;
				CLANG_WARN_DOCUMENTATION_COMMENTS = YES;
				CLANG_WARN_EMPTY_BODY = YES;
				CLANG_WARN_ENUM_CONVERSION = YES;
				CLANG_WARN_INFINITE_RECURSION = YES;
				CLANG_WARN_INT_CONVERSION = YES;
				CLANG_WARN_NON_LITERAL_NULL_CONVERSION = YES;
				CLANG_WARN_OBJC_IMPLICIT_RETAIN_SELF = YES;
				CLANG_WARN_OBJC_LITERAL_CONVERSION = YES;
				CLANG_WARN_OBJC_ROOT_CLASS = YES_ERROR;
				CLANG_WARN_RANGE_LOOP_ANALYSIS = YES;
				CLANG_WARN_STRICT_PROTOTYPES = YES;
				CLANG_WARN_SUSPICIOUS_MOVE = YES;
				CLANG_WARN_UNGUARDED_AVAILABILITY = YES_AGGRESSIVE;
				CLANG_WARN_UNREACHABLE_CODE = YES;
				CLANG_WARN__DUPLICATE_METHOD_MATCH = YES;
				COPY_PHASE_STRIP = NO;
				DEBUG_INFORMATION_FORMAT = "dwarf-with-dsym";
				ENABLE_NS_ASSERTIONS = NO;
				ENABLE_STRICT_OBJC_MSGSEND = YES;
				GCC_C_LANGUAGE_STANDARD = gnu11;
				GCC_NO_COMMON_BLOCKS = YES;
				GCC_WARN_64_TO_32_BIT_CONVERSION = YES;
				GCC_WARN_ABOUT_RETURN_TYPE = YES_ERROR;
				GCC_WARN_UNDECLARED_SELECTOR = YES;
				GCC_WARN_UNINITIALIZED_AUTOS = YES_AGGRESSIVE;
				GCC_WARN_UNUSED_FUNCTION = YES;
				GCC_WARN_UNUSED_VARIABLE = YES;
				IPHONEOS_DEPLOYMENT_TARGET = 13.4;
				MTL_ENABLE_DEBUG_INFO = NO;
				MTL_FAST_MATH = YES;
				SDKROOT = iphoneos;
				SWIFT_COMPILATION_MODE = wholemodule;
				SWIFT_OPTIMIZATION_LEVEL = "-O";
				VALIDATE_PRODUCT = YES;
			};
			name = Release;
		};
		7AC96A81248E926600C8D1EC /* Debug */ = {
			isa = XCBuildConfiguration;
			buildSettings = {
				ASSETCATALOG_COMPILER_APPICON_NAME = AppIcon;
				CODE_SIGN_STYLE = Automatic;
				DEVELOPMENT_ASSET_PATHS = "\"Cross-Platform/Preview Content\"";
				DEVELOPMENT_TEAM = VTCMU55NAJ;
				ENABLE_PREVIEWS = YES;
				INFOPLIST_FILE = "Cross-Platform/Info.plist";
				LD_RUNPATH_SEARCH_PATHS = (
					"$(inherited)",
					"@executable_path/Frameworks",
				);
				PRODUCT_BUNDLE_IDENTIFIER = "Edgar-Nzokwe.Cross-Platform";
				PRODUCT_NAME = "$(TARGET_NAME)";
				SWIFT_VERSION = 5.0;
				TARGETED_DEVICE_FAMILY = "1,2";
			};
			name = Debug;
		};
		7AC96A82248E926600C8D1EC /* Release */ = {
			isa = XCBuildConfiguration;
			buildSettings = {
				ASSETCATALOG_COMPILER_APPICON_NAME = AppIcon;
				CODE_SIGN_STYLE = Automatic;
				DEVELOPMENT_ASSET_PATHS = "\"Cross-Platform/Preview Content\"";
				DEVELOPMENT_TEAM = VTCMU55NAJ;
				ENABLE_PREVIEWS = YES;
				INFOPLIST_FILE = "Cross-Platform/Info.plist";
				LD_RUNPATH_SEARCH_PATHS = (
					"$(inherited)",
					"@executable_path/Frameworks",
				);
				PRODUCT_BUNDLE_IDENTIFIER = "Edgar-Nzokwe.Cross-Platform";
				PRODUCT_NAME = "$(TARGET_NAME)";
				SWIFT_VERSION = 5.0;
				TARGETED_DEVICE_FAMILY = "1,2";
			};
			name = Release;
		};
/* End XCBuildConfiguration section */

/* Begin XCConfigurationList section */
		7AC96A67248E926400C8D1EC /* Build configuration list for PBXProject "Cross-Platform" */ = {
			isa = XCConfigurationList;
			buildConfigurations = (
				7AC96A7E248E926600C8D1EC /* Debug */,
				7AC96A7F248E926600C8D1EC /* Release */,
			);
			defaultConfigurationIsVisible = 0;
			defaultConfigurationName = Release;
		};
		7AC96A80248E926600C8D1EC /* Build configuration list for PBXNativeTarget "Cross-Platform" */ = {
			isa = XCConfigurationList;
			buildConfigurations = (
				7AC96A81248E926600C8D1EC /* Debug */,
				7AC96A82248E926600C8D1EC /* Release */,
			);
			defaultConfigurationIsVisible = 0;
			defaultConfigurationName = Release;
		};
/* End XCConfigurationList section */
	};
	rootObject = 7AC96A64248E926400C8D1EC /* Project object */;
}
