// !$*UTF8*$!
{
	archiveVersion = 1;
	classes = {
	};
	objectVersion = 55;
	objects = {

/* Begin PBXBuildFile section */
		7A53AA3726F6A08F00821E73 /* macOS_Cross_PlatformApp.swift in Sources */ = {isa = PBXBuildFile; fileRef = 7A53AA3626F6A08F00821E73 /* macOS_Cross_PlatformApp.swift */; };
		7A53AA3926F6A08F00821E73 /* ContentView.swift in Sources */ = {isa = PBXBuildFile; fileRef = 7A53AA3826F6A08F00821E73 /* ContentView.swift */; };
		7A53AA3B26F6A09000821E73 /* Assets.xcassets in Resources */ = {isa = PBXBuildFile; fileRef = 7A53AA3A26F6A09000821E73 /* Assets.xcassets */; };
		7A53AA3E26F6A09000821E73 /* Preview Assets.xcassets in Resources */ = {isa = PBXBuildFile; fileRef = 7A53AA3D26F6A09000821E73 /* Preview Assets.xcassets */; };
		7A53AA4326F6A12500821E73 /* InsectData.swift in Sources */ = {isa = PBXBuildFile; fileRef = 7ACCC98C26F666D900224E41 /* InsectData.swift */; };
		7A53AA4526F6A12500821E73 /* insectData.json in Resources */ = {isa = PBXBuildFile; fileRef = 7A6E2E4C26F68C1C00D6C6C9 /* insectData.json */; };
		7A53AA4626F6A12500821E73 /* Insect.swift in Sources */ = {isa = PBXBuildFile; fileRef = 7ACCC98126F6543B00224E41 /* Insect.swift */; };
		7A53AA4C26F6A1D000821E73 /* MacInsectListView.swift in Sources */ = {isa = PBXBuildFile; fileRef = 7A53AA4B26F6A1D000821E73 /* MacInsectListView.swift */; };
		7A53AA4E26F6A1F200821E73 /* MacInsectCellView.swift in Sources */ = {isa = PBXBuildFile; fileRef = 7A53AA4D26F6A1F200821E73 /* MacInsectCellView.swift */; };
		7A53AA4F26F6A38D00821E73 /* Assets.xcassets in Resources */ = {isa = PBXBuildFile; fileRef = 7ACCC96F26F61F3D00224E41 /* Assets.xcassets */; };
		7A53AA5026F6A3F800821E73 /* InsectDetailView.swift in Sources */ = {isa = PBXBuildFile; fileRef = 7ACCC98826F6664A00224E41 /* InsectDetailView.swift */; };
		7A5BD21C26F73E9900097D09 /* Assets.xcassets in Resources */ = {isa = PBXBuildFile; fileRef = 7A5BD21B26F73E9900097D09 /* Assets.xcassets */; };
		7A5BD22226F73E9900097D09 /* watchOS-Cross-Platform WatchKit Extension.appex in Embed App Extensions */ = {isa = PBXBuildFile; fileRef = 7A5BD22126F73E9900097D09 /* watchOS-Cross-Platform WatchKit Extension.appex */; settings = {ATTRIBUTES = (RemoveHeadersOnCopy, ); }; };
		7A5BD22726F73E9900097D09 /* Cross_PlatformApp.swift in Sources */ = {isa = PBXBuildFile; fileRef = 7A5BD22626F73E9900097D09 /* Cross_PlatformApp.swift */; };
		7A5BD22926F73E9900097D09 /* ContentView.swift in Sources */ = {isa = PBXBuildFile; fileRef = 7A5BD22826F73E9900097D09 /* ContentView.swift */; };
		7A5BD22B26F73E9900097D09 /* NotificationController.swift in Sources */ = {isa = PBXBuildFile; fileRef = 7A5BD22A26F73E9900097D09 /* NotificationController.swift */; };
		7A5BD22D26F73E9900097D09 /* NotificationView.swift in Sources */ = {isa = PBXBuildFile; fileRef = 7A5BD22C26F73E9900097D09 /* NotificationView.swift */; };
		7A5BD22F26F73E9900097D09 /* ComplicationController.swift in Sources */ = {isa = PBXBuildFile; fileRef = 7A5BD22E26F73E9900097D09 /* ComplicationController.swift */; };
		7A5BD23126F73E9A00097D09 /* Assets.xcassets in Resources */ = {isa = PBXBuildFile; fileRef = 7A5BD23026F73E9A00097D09 /* Assets.xcassets */; };
		7A5BD23426F73E9A00097D09 /* Preview Assets.xcassets in Resources */ = {isa = PBXBuildFile; fileRef = 7A5BD23326F73E9A00097D09 /* Preview Assets.xcassets */; };
		7A5BD23926F73E9A00097D09 /* watchOS-Cross-Platform.app in Embed Watch Content */ = {isa = PBXBuildFile; fileRef = 7A5BD21926F73E9800097D09 /* watchOS-Cross-Platform.app */; settings = {ATTRIBUTES = (RemoveHeadersOnCopy, ); }; };
		7A5BD24226F73F2900097D09 /* Assets.xcassets in Resources */ = {isa = PBXBuildFile; fileRef = 7ACCC96F26F61F3D00224E41 /* Assets.xcassets */; };
		7A5BD24326F73F2900097D09 /* InsectCellView.swift in Sources */ = {isa = PBXBuildFile; fileRef = 7ACCC98426F6661C00224E41 /* InsectCellView.swift */; };
		7A5BD24426F73F2900097D09 /* InsectListView.swift in Sources */ = {isa = PBXBuildFile; fileRef = 7ACCC98626F6663500224E41 /* InsectListView.swift */; };
		7A5BD24526F73F2900097D09 /* Insect.swift in Sources */ = {isa = PBXBuildFile; fileRef = 7ACCC98126F6543B00224E41 /* Insect.swift */; };
		7A5BD24626F73F2900097D09 /* InsectData.swift in Sources */ = {isa = PBXBuildFile; fileRef = 7ACCC98C26F666D900224E41 /* InsectData.swift */; };
		7A5BD24826F73FC300097D09 /* WatchInsectDetailView.swift in Sources */ = {isa = PBXBuildFile; fileRef = 7A5BD24726F73FC300097D09 /* WatchInsectDetailView.swift */; };
		7A5BD24926F7444100097D09 /* insectData.json in Resources */ = {isa = PBXBuildFile; fileRef = 7A6E2E4C26F68C1C00D6C6C9 /* insectData.json */; };
		7A6E2E4D26F68C1C00D6C6C9 /* insectData.json in Resources */ = {isa = PBXBuildFile; fileRef = 7A6E2E4C26F68C1C00D6C6C9 /* insectData.json */; };
		7ACCC96C26F61F3C00224E41 /* Cross_PlatformApp.swift in Sources */ = {isa = PBXBuildFile; fileRef = 7ACCC96B26F61F3C00224E41 /* Cross_PlatformApp.swift */; };
		7ACCC96E26F61F3C00224E41 /* ContentView.swift in Sources */ = {isa = PBXBuildFile; fileRef = 7ACCC96D26F61F3C00224E41 /* ContentView.swift */; };
		7ACCC97026F61F3D00224E41 /* Assets.xcassets in Resources */ = {isa = PBXBuildFile; fileRef = 7ACCC96F26F61F3D00224E41 /* Assets.xcassets */; };
		7ACCC97326F61F3D00224E41 /* Preview Assets.xcassets in Resources */ = {isa = PBXBuildFile; fileRef = 7ACCC97226F61F3D00224E41 /* Preview Assets.xcassets */; };
		7ACCC98226F6543B00224E41 /* Insect.swift in Sources */ = {isa = PBXBuildFile; fileRef = 7ACCC98126F6543B00224E41 /* Insect.swift */; };
		7ACCC98526F6661C00224E41 /* InsectCellView.swift in Sources */ = {isa = PBXBuildFile; fileRef = 7ACCC98426F6661C00224E41 /* InsectCellView.swift */; };
		7ACCC98726F6663500224E41 /* InsectListView.swift in Sources */ = {isa = PBXBuildFile; fileRef = 7ACCC98626F6663500224E41 /* InsectListView.swift */; };
		7ACCC98926F6664A00224E41 /* InsectDetailView.swift in Sources */ = {isa = PBXBuildFile; fileRef = 7ACCC98826F6664A00224E41 /* InsectDetailView.swift */; };
		7ACCC98D26F666D900224E41 /* InsectData.swift in Sources */ = {isa = PBXBuildFile; fileRef = 7ACCC98C26F666D900224E41 /* InsectData.swift */; };
/* End PBXBuildFile section */

/* Begin PBXContainerItemProxy section */
		7A5BD22326F73E9900097D09 /* PBXContainerItemProxy */ = {
			isa = PBXContainerItemProxy;
			containerPortal = 7ACCC96026F61F3C00224E41 /* Project object */;
			proxyType = 1;
			remoteGlobalIDString = 7A5BD22026F73E9900097D09;
			remoteInfo = "watchOS-Cross-Platform WatchKit Extension";
		};
		7A5BD23726F73E9A00097D09 /* PBXContainerItemProxy */ = {
			isa = PBXContainerItemProxy;
			containerPortal = 7ACCC96026F61F3C00224E41 /* Project object */;
			proxyType = 1;
			remoteGlobalIDString = 7A5BD21826F73E9800097D09;
			remoteInfo = "watchOS-Cross-Platform";
		};
/* End PBXContainerItemProxy section */

/* Begin PBXCopyFilesBuildPhase section */
		7A5BD23A26F73E9A00097D09 /* Embed Watch Content */ = {
			isa = PBXCopyFilesBuildPhase;
			buildActionMask = 2147483647;
			dstPath = "$(CONTENTS_FOLDER_PATH)/Watch";
			dstSubfolderSpec = 16;
			files = (
				7A5BD23926F73E9A00097D09 /* watchOS-Cross-Platform.app in Embed Watch Content */,
			);
			name = "Embed Watch Content";
			runOnlyForDeploymentPostprocessing = 0;
		};
		7A5BD23D26F73E9A00097D09 /* Embed App Extensions */ = {
			isa = PBXCopyFilesBuildPhase;
			buildActionMask = 2147483647;
			dstPath = "";
			dstSubfolderSpec = 13;
			files = (
				7A5BD22226F73E9900097D09 /* watchOS-Cross-Platform WatchKit Extension.appex in Embed App Extensions */,
			);
			name = "Embed App Extensions";
			runOnlyForDeploymentPostprocessing = 0;
		};
/* End PBXCopyFilesBuildPhase section */

/* Begin PBXFileReference section */
		7A53AA3426F6A08F00821E73 /* macOS-Cross-Platform.app */ = {isa = PBXFileReference; explicitFileType = wrapper.application; includeInIndex = 0; path = "macOS-Cross-Platform.app"; sourceTree = BUILT_PRODUCTS_DIR; };
		7A53AA3626F6A08F00821E73 /* macOS_Cross_PlatformApp.swift */ = {isa = PBXFileReference; lastKnownFileType = sourcecode.swift; path = macOS_Cross_PlatformApp.swift; sourceTree = "<group>"; };
		7A53AA3826F6A08F00821E73 /* ContentView.swift */ = {isa = PBXFileReference; lastKnownFileType = sourcecode.swift; path = ContentView.swift; sourceTree = "<group>"; };
		7A53AA3A26F6A09000821E73 /* Assets.xcassets */ = {isa = PBXFileReference; lastKnownFileType = folder.assetcatalog; path = Assets.xcassets; sourceTree = "<group>"; };
		7A53AA3D26F6A09000821E73 /* Preview Assets.xcassets */ = {isa = PBXFileReference; lastKnownFileType = folder.assetcatalog; path = "Preview Assets.xcassets"; sourceTree = "<group>"; };
		7A53AA3F26F6A09000821E73 /* macOS_Cross_Platform.entitlements */ = {isa = PBXFileReference; lastKnownFileType = text.plist.entitlements; path = macOS_Cross_Platform.entitlements; sourceTree = "<group>"; };
		7A53AA4B26F6A1D000821E73 /* MacInsectListView.swift */ = {isa = PBXFileReference; lastKnownFileType = sourcecode.swift; path = MacInsectListView.swift; sourceTree = "<group>"; };
		7A53AA4D26F6A1F200821E73 /* MacInsectCellView.swift */ = {isa = PBXFileReference; lastKnownFileType = sourcecode.swift; path = MacInsectCellView.swift; sourceTree = "<group>"; };
		7A5BD21926F73E9800097D09 /* watchOS-Cross-Platform.app */ = {isa = PBXFileReference; explicitFileType = wrapper.application; includeInIndex = 0; path = "watchOS-Cross-Platform.app"; sourceTree = BUILT_PRODUCTS_DIR; };
		7A5BD21B26F73E9900097D09 /* Assets.xcassets */ = {isa = PBXFileReference; lastKnownFileType = folder.assetcatalog; path = Assets.xcassets; sourceTree = "<group>"; };
		7A5BD22126F73E9900097D09 /* watchOS-Cross-Platform WatchKit Extension.appex */ = {isa = PBXFileReference; explicitFileType = "wrapper.app-extension"; includeInIndex = 0; path = "watchOS-Cross-Platform WatchKit Extension.appex"; sourceTree = BUILT_PRODUCTS_DIR; };
		7A5BD22626F73E9900097D09 /* Cross_PlatformApp.swift */ = {isa = PBXFileReference; lastKnownFileType = sourcecode.swift; path = Cross_PlatformApp.swift; sourceTree = "<group>"; };
		7A5BD22826F73E9900097D09 /* ContentView.swift */ = {isa = PBXFileReference; lastKnownFileType = sourcecode.swift; path = ContentView.swift; sourceTree = "<group>"; };
		7A5BD22A26F73E9900097D09 /* NotificationController.swift */ = {isa = PBXFileReference; lastKnownFileType = sourcecode.swift; path = NotificationController.swift; sourceTree = "<group>"; };
		7A5BD22C26F73E9900097D09 /* NotificationView.swift */ = {isa = PBXFileReference; lastKnownFileType = sourcecode.swift; path = NotificationView.swift; sourceTree = "<group>"; };
		7A5BD22E26F73E9900097D09 /* ComplicationController.swift */ = {isa = PBXFileReference; lastKnownFileType = sourcecode.swift; path = ComplicationController.swift; sourceTree = "<group>"; };
		7A5BD23026F73E9A00097D09 /* Assets.xcassets */ = {isa = PBXFileReference; lastKnownFileType = folder.assetcatalog; path = Assets.xcassets; sourceTree = "<group>"; };
		7A5BD23326F73E9A00097D09 /* Preview Assets.xcassets */ = {isa = PBXFileReference; lastKnownFileType = folder.assetcatalog; path = "Preview Assets.xcassets"; sourceTree = "<group>"; };
		7A5BD23526F73E9A00097D09 /* Info.plist */ = {isa = PBXFileReference; lastKnownFileType = text.plist.xml; path = Info.plist; sourceTree = "<group>"; };
		7A5BD23626F73E9A00097D09 /* PushNotificationPayload.apns */ = {isa = PBXFileReference; lastKnownFileType = text; path = PushNotificationPayload.apns; sourceTree = "<group>"; };
		7A5BD24726F73FC300097D09 /* WatchInsectDetailView.swift */ = {isa = PBXFileReference; lastKnownFileType = sourcecode.swift; path = WatchInsectDetailView.swift; sourceTree = "<group>"; };
		7A6E2E4C26F68C1C00D6C6C9 /* insectData.json */ = {isa = PBXFileReference; lastKnownFileType = text.json; path = insectData.json; sourceTree = "<group>"; };
		7ACCC96826F61F3C00224E41 /* Cross-Platform.app */ = {isa = PBXFileReference; explicitFileType = wrapper.application; includeInIndex = 0; path = "Cross-Platform.app"; sourceTree = BUILT_PRODUCTS_DIR; };
		7ACCC96B26F61F3C00224E41 /* Cross_PlatformApp.swift */ = {isa = PBXFileReference; lastKnownFileType = sourcecode.swift; path = Cross_PlatformApp.swift; sourceTree = "<group>"; };
		7ACCC96D26F61F3C00224E41 /* ContentView.swift */ = {isa = PBXFileReference; lastKnownFileType = sourcecode.swift; path = ContentView.swift; sourceTree = "<group>"; };
		7ACCC96F26F61F3D00224E41 /* Assets.xcassets */ = {isa = PBXFileReference; lastKnownFileType = folder.assetcatalog; path = Assets.xcassets; sourceTree = "<group>"; };
		7ACCC97226F61F3D00224E41 /* Preview Assets.xcassets */ = {isa = PBXFileReference; lastKnownFileType = folder.assetcatalog; path = "Preview Assets.xcassets"; sourceTree = "<group>"; };
		7ACCC98126F6543B00224E41 /* Insect.swift */ = {isa = PBXFileReference; lastKnownFileType = sourcecode.swift; path = Insect.swift; sourceTree = "<group>"; };
		7ACCC98426F6661C00224E41 /* InsectCellView.swift */ = {isa = PBXFileReference; lastKnownFileType = sourcecode.swift; path = InsectCellView.swift; sourceTree = "<group>"; };
		7ACCC98626F6663500224E41 /* InsectListView.swift */ = {isa = PBXFileReference; lastKnownFileType = sourcecode.swift; path = InsectListView.swift; sourceTree = "<group>"; };
		7ACCC98826F6664A00224E41 /* InsectDetailView.swift */ = {isa = PBXFileReference; lastKnownFileType = sourcecode.swift; path = InsectDetailView.swift; sourceTree = "<group>"; };
		7ACCC98C26F666D900224E41 /* InsectData.swift */ = {isa = PBXFileReference; lastKnownFileType = sourcecode.swift; path = InsectData.swift; sourceTree = "<group>"; };
/* End PBXFileReference section */

/* Begin PBXFrameworksBuildPhase section */
		7A53AA3126F6A08F00821E73 /* Frameworks */ = {
			isa = PBXFrameworksBuildPhase;
			buildActionMask = 2147483647;
			files = (
			);
			runOnlyForDeploymentPostprocessing = 0;
		};
		7A5BD21E26F73E9900097D09 /* Frameworks */ = {
			isa = PBXFrameworksBuildPhase;
			buildActionMask = 2147483647;
			files = (
			);
			runOnlyForDeploymentPostprocessing = 0;
		};
		7ACCC96526F61F3C00224E41 /* Frameworks */ = {
			isa = PBXFrameworksBuildPhase;
			buildActionMask = 2147483647;
			files = (
			);
			runOnlyForDeploymentPostprocessing = 0;
		};
/* End PBXFrameworksBuildPhase section */

/* Begin PBXGroup section */
		7A53AA3526F6A08F00821E73 /* macOS-Cross-Platform */ = {
			isa = PBXGroup;
			children = (
				7A53AA3626F6A08F00821E73 /* macOS_Cross_PlatformApp.swift */,
				7A53AA4B26F6A1D000821E73 /* MacInsectListView.swift */,
				7A53AA4D26F6A1F200821E73 /* MacInsectCellView.swift */,
				7A53AA3826F6A08F00821E73 /* ContentView.swift */,
				7A53AA3A26F6A09000821E73 /* Assets.xcassets */,
				7A53AA3F26F6A09000821E73 /* macOS_Cross_Platform.entitlements */,
				7A53AA3C26F6A09000821E73 /* Preview Content */,
			);
			path = "macOS-Cross-Platform";
			sourceTree = "<group>";
		};
		7A53AA3C26F6A09000821E73 /* Preview Content */ = {
			isa = PBXGroup;
			children = (
				7A53AA3D26F6A09000821E73 /* Preview Assets.xcassets */,
			);
			path = "Preview Content";
			sourceTree = "<group>";
		};
		7A5BD21A26F73E9800097D09 /* watchOS-Cross-Platform */ = {
			isa = PBXGroup;
			children = (
				7A5BD21B26F73E9900097D09 /* Assets.xcassets */,
			);
			path = "watchOS-Cross-Platform";
			sourceTree = "<group>";
		};
		7A5BD22526F73E9900097D09 /* watchOS-Cross-Platform WatchKit Extension */ = {
			isa = PBXGroup;
			children = (
				7A5BD22626F73E9900097D09 /* Cross_PlatformApp.swift */,
				7A5BD22826F73E9900097D09 /* ContentView.swift */,
				7A5BD24726F73FC300097D09 /* WatchInsectDetailView.swift */,
				7A5BD22A26F73E9900097D09 /* NotificationController.swift */,
				7A5BD22C26F73E9900097D09 /* NotificationView.swift */,
				7A5BD22E26F73E9900097D09 /* ComplicationController.swift */,
				7A5BD23026F73E9A00097D09 /* Assets.xcassets */,
				7A5BD23526F73E9A00097D09 /* Info.plist */,
				7A5BD23626F73E9A00097D09 /* PushNotificationPayload.apns */,
				7A5BD23226F73E9A00097D09 /* Preview Content */,
			);
			path = "watchOS-Cross-Platform WatchKit Extension";
			sourceTree = "<group>";
		};
		7A5BD23226F73E9A00097D09 /* Preview Content */ = {
			isa = PBXGroup;
			children = (
				7A5BD23326F73E9A00097D09 /* Preview Assets.xcassets */,
			);
			path = "Preview Content";
			sourceTree = "<group>";
		};
		7ACCC95F26F61F3C00224E41 = {
			isa = PBXGroup;
			children = (
				7ACCC96A26F61F3C00224E41 /* Cross-Platform */,
				7A53AA3526F6A08F00821E73 /* macOS-Cross-Platform */,
				7A5BD21A26F73E9800097D09 /* watchOS-Cross-Platform */,
				7A5BD22526F73E9900097D09 /* watchOS-Cross-Platform WatchKit Extension */,
				7ACCC96926F61F3C00224E41 /* Products */,
			);
			sourceTree = "<group>";
		};
		7ACCC96926F61F3C00224E41 /* Products */ = {
			isa = PBXGroup;
			children = (
				7ACCC96826F61F3C00224E41 /* Cross-Platform.app */,
				7A53AA3426F6A08F00821E73 /* macOS-Cross-Platform.app */,
				7A5BD21926F73E9800097D09 /* watchOS-Cross-Platform.app */,
				7A5BD22126F73E9900097D09 /* watchOS-Cross-Platform WatchKit Extension.appex */,
			);
			name = Products;
			sourceTree = "<group>";
		};
		7ACCC96A26F61F3C00224E41 /* Cross-Platform */ = {
			isa = PBXGroup;
			children = (
				7ACCC98326F6660200224E41 /* Views */,
				7ACCC97A26F61F6400224E41 /* Resources */,
				7ACCC97926F61F5D00224E41 /* Models */,
				7ACCC96B26F61F3C00224E41 /* Cross_PlatformApp.swift */,
				7ACCC96F26F61F3D00224E41 /* Assets.xcassets */,
				7ACCC97126F61F3D00224E41 /* Preview Content */,
			);
			path = "Cross-Platform";
			sourceTree = "<group>";
		};
		7ACCC97126F61F3D00224E41 /* Preview Content */ = {
			isa = PBXGroup;
			children = (
				7ACCC97226F61F3D00224E41 /* Preview Assets.xcassets */,
			);
			path = "Preview Content";
			sourceTree = "<group>";
		};
		7ACCC97926F61F5D00224E41 /* Models */ = {
			isa = PBXGroup;
			children = (
				7ACCC98126F6543B00224E41 /* Insect.swift */,
				7ACCC98C26F666D900224E41 /* InsectData.swift */,
			);
			path = Models;
			sourceTree = "<group>";
		};
		7ACCC97A26F61F6400224E41 /* Resources */ = {
			isa = PBXGroup;
			children = (
				7A6E2E4C26F68C1C00D6C6C9 /* insectData.json */,
			);
			path = Resources;
			sourceTree = "<group>";
		};
		7ACCC98326F6660200224E41 /* Views */ = {
			isa = PBXGroup;
			children = (
				7ACCC96D26F61F3C00224E41 /* ContentView.swift */,
				7ACCC98426F6661C00224E41 /* InsectCellView.swift */,
				7ACCC98626F6663500224E41 /* InsectListView.swift */,
				7ACCC98826F6664A00224E41 /* InsectDetailView.swift */,
			);
			path = Views;
			sourceTree = "<group>";
		};
/* End PBXGroup section */

/* Begin PBXNativeTarget section */
		7A53AA3326F6A08F00821E73 /* macOS-Cross-Platform */ = {
			isa = PBXNativeTarget;
			buildConfigurationList = 7A53AA4026F6A09000821E73 /* Build configuration list for PBXNativeTarget "macOS-Cross-Platform" */;
			buildPhases = (
				7A53AA3026F6A08F00821E73 /* Sources */,
				7A53AA3126F6A08F00821E73 /* Frameworks */,
				7A53AA3226F6A08F00821E73 /* Resources */,
			);
			buildRules = (
			);
			dependencies = (
			);
			name = "macOS-Cross-Platform";
			productName = "macOS-Cross-Platform";
			productReference = 7A53AA3426F6A08F00821E73 /* macOS-Cross-Platform.app */;
			productType = "com.apple.product-type.application";
		};
		7A5BD21826F73E9800097D09 /* watchOS-Cross-Platform */ = {
			isa = PBXNativeTarget;
			buildConfigurationList = 7A5BD24126F73E9A00097D09 /* Build configuration list for PBXNativeTarget "watchOS-Cross-Platform" */;
			buildPhases = (
				7A5BD21726F73E9800097D09 /* Resources */,
				7A5BD23D26F73E9A00097D09 /* Embed App Extensions */,
			);
			buildRules = (
			);
			dependencies = (
				7A5BD22426F73E9900097D09 /* PBXTargetDependency */,
			);
			name = "watchOS-Cross-Platform";
			productName = "watchOS-Cross-Platform";
			productReference = 7A5BD21926F73E9800097D09 /* watchOS-Cross-Platform.app */;
			productType = "com.apple.product-type.application.watchapp2";
		};
		7A5BD22026F73E9900097D09 /* watchOS-Cross-Platform WatchKit Extension */ = {
			isa = PBXNativeTarget;
			buildConfigurationList = 7A5BD24026F73E9A00097D09 /* Build configuration list for PBXNativeTarget "watchOS-Cross-Platform WatchKit Extension" */;
			buildPhases = (
				7A5BD21D26F73E9900097D09 /* Sources */,
				7A5BD21E26F73E9900097D09 /* Frameworks */,
				7A5BD21F26F73E9900097D09 /* Resources */,
			);
			buildRules = (
			);
			dependencies = (
			);
			name = "watchOS-Cross-Platform WatchKit Extension";
			productName = "watchOS-Cross-Platform WatchKit Extension";
			productReference = 7A5BD22126F73E9900097D09 /* watchOS-Cross-Platform WatchKit Extension.appex */;
			productType = "com.apple.product-type.watchkit2-extension";
		};
		7ACCC96726F61F3C00224E41 /* Cross-Platform */ = {
			isa = PBXNativeTarget;
			buildConfigurationList = 7ACCC97626F61F3D00224E41 /* Build configuration list for PBXNativeTarget "Cross-Platform" */;
			buildPhases = (
				7ACCC96426F61F3C00224E41 /* Sources */,
				7ACCC96526F61F3C00224E41 /* Frameworks */,
				7ACCC96626F61F3C00224E41 /* Resources */,
				7A5BD23A26F73E9A00097D09 /* Embed Watch Content */,
			);
			buildRules = (
			);
			dependencies = (
				7A5BD23826F73E9A00097D09 /* PBXTargetDependency */,
			);
			name = "Cross-Platform";
			productName = "Cross-Platform";
			productReference = 7ACCC96826F61F3C00224E41 /* Cross-Platform.app */;
			productType = "com.apple.product-type.application";
		};
/* End PBXNativeTarget section */

/* Begin PBXProject section */
		7ACCC96026F61F3C00224E41 /* Project object */ = {
			isa = PBXProject;
			attributes = {
				BuildIndependentTargetsInParallel = 1;
				LastSwiftUpdateCheck = 1300;
				LastUpgradeCheck = 1300;
				TargetAttributes = {
					7A53AA3326F6A08F00821E73 = {
						CreatedOnToolsVersion = 13.0;
					};
					7A5BD21826F73E9800097D09 = {
						CreatedOnToolsVersion = 13.0;
					};
					7A5BD22026F73E9900097D09 = {
						CreatedOnToolsVersion = 13.0;
					};
					7ACCC96726F61F3C00224E41 = {
						CreatedOnToolsVersion = 13.0;
					};
				};
			};
			buildConfigurationList = 7ACCC96326F61F3C00224E41 /* Build configuration list for PBXProject "Cross-Platform" */;
			compatibilityVersion = "Xcode 13.0";
			developmentRegion = en;
			hasScannedForEncodings = 0;
			knownRegions = (
				en,
				Base,
			);
			mainGroup = 7ACCC95F26F61F3C00224E41;
			productRefGroup = 7ACCC96926F61F3C00224E41 /* Products */;
			projectDirPath = "";
			projectRoot = "";
			targets = (
				7ACCC96726F61F3C00224E41 /* Cross-Platform */,
				7A53AA3326F6A08F00821E73 /* macOS-Cross-Platform */,
				7A5BD21826F73E9800097D09 /* watchOS-Cross-Platform */,
				7A5BD22026F73E9900097D09 /* watchOS-Cross-Platform WatchKit Extension */,
			);
		};
/* End PBXProject section */

/* Begin PBXResourcesBuildPhase section */
		7A53AA3226F6A08F00821E73 /* Resources */ = {
			isa = PBXResourcesBuildPhase;
			buildActionMask = 2147483647;
			files = (
				7A53AA3E26F6A09000821E73 /* Preview Assets.xcassets in Resources */,
				7A53AA3B26F6A09000821E73 /* Assets.xcassets in Resources */,
				7A53AA4F26F6A38D00821E73 /* Assets.xcassets in Resources */,
				7A53AA4526F6A12500821E73 /* insectData.json in Resources */,
			);
			runOnlyForDeploymentPostprocessing = 0;
		};
		7A5BD21726F73E9800097D09 /* Resources */ = {
			isa = PBXResourcesBuildPhase;
			buildActionMask = 2147483647;
			files = (
				7A5BD21C26F73E9900097D09 /* Assets.xcassets in Resources */,
			);
			runOnlyForDeploymentPostprocessing = 0;
		};
		7A5BD21F26F73E9900097D09 /* Resources */ = {
			isa = PBXResourcesBuildPhase;
			buildActionMask = 2147483647;
			files = (
				7A5BD23426F73E9A00097D09 /* Preview Assets.xcassets in Resources */,
				7A5BD24226F73F2900097D09 /* Assets.xcassets in Resources */,
				7A5BD23126F73E9A00097D09 /* Assets.xcassets in Resources */,
				7A5BD24926F7444100097D09 /* insectData.json in Resources */,
			);
			runOnlyForDeploymentPostprocessing = 0;
		};
		7ACCC96626F61F3C00224E41 /* Resources */ = {
			isa = PBXResourcesBuildPhase;
			buildActionMask = 2147483647;
			files = (
				7ACCC97326F61F3D00224E41 /* Preview Assets.xcassets in Resources */,
				7ACCC97026F61F3D00224E41 /* Assets.xcassets in Resources */,
				7A6E2E4D26F68C1C00D6C6C9 /* insectData.json in Resources */,
			);
			runOnlyForDeploymentPostprocessing = 0;
		};
/* End PBXResourcesBuildPhase section */

/* Begin PBXSourcesBuildPhase section */
		7A53AA3026F6A08F00821E73 /* Sources */ = {
			isa = PBXSourcesBuildPhase;
			buildActionMask = 2147483647;
			files = (
				7A53AA3926F6A08F00821E73 /* ContentView.swift in Sources */,
				7A53AA4326F6A12500821E73 /* InsectData.swift in Sources */,
				7A53AA3726F6A08F00821E73 /* macOS_Cross_PlatformApp.swift in Sources */,
				7A53AA4C26F6A1D000821E73 /* MacInsectListView.swift in Sources */,
				7A53AA4E26F6A1F200821E73 /* MacInsectCellView.swift in Sources */,
				7A53AA5026F6A3F800821E73 /* InsectDetailView.swift in Sources */,
				7A53AA4626F6A12500821E73 /* Insect.swift in Sources */,
			);
			runOnlyForDeploymentPostprocessing = 0;
		};
		7A5BD21D26F73E9900097D09 /* Sources */ = {
			isa = PBXSourcesBuildPhase;
			buildActionMask = 2147483647;
			files = (
				7A5BD22B26F73E9900097D09 /* NotificationController.swift in Sources */,
				7A5BD22926F73E9900097D09 /* ContentView.swift in Sources */,
				7A5BD24426F73F2900097D09 /* InsectListView.swift in Sources */,
				7A5BD24326F73F2900097D09 /* InsectCellView.swift in Sources */,
				7A5BD24626F73F2900097D09 /* InsectData.swift in Sources */,
				7A5BD24826F73FC300097D09 /* WatchInsectDetailView.swift in Sources */,
				7A5BD22F26F73E9900097D09 /* ComplicationController.swift in Sources */,
				7A5BD24526F73F2900097D09 /* Insect.swift in Sources */,
				7A5BD22726F73E9900097D09 /* Cross_PlatformApp.swift in Sources */,
				7A5BD22D26F73E9900097D09 /* NotificationView.swift in Sources */,
			);
			runOnlyForDeploymentPostprocessing = 0;
		};
		7ACCC96426F61F3C00224E41 /* Sources */ = {
			isa = PBXSourcesBuildPhase;
			buildActionMask = 2147483647;
			files = (
				7ACCC98D26F666D900224E41 /* InsectData.swift in Sources */,
				7ACCC98526F6661C00224E41 /* InsectCellView.swift in Sources */,
				7ACCC98926F6664A00224E41 /* InsectDetailView.swift in Sources */,
				7ACCC96E26F61F3C00224E41 /* ContentView.swift in Sources */,
				7ACCC98226F6543B00224E41 /* Insect.swift in Sources */,
				7ACCC98726F6663500224E41 /* InsectListView.swift in Sources */,
				7ACCC96C26F61F3C00224E41 /* Cross_PlatformApp.swift in Sources */,
			);
			runOnlyForDeploymentPostprocessing = 0;
		};
/* End PBXSourcesBuildPhase section */

/* Begin PBXTargetDependency section */
		7A5BD22426F73E9900097D09 /* PBXTargetDependency */ = {
			isa = PBXTargetDependency;
			target = 7A5BD22026F73E9900097D09 /* watchOS-Cross-Platform WatchKit Extension */;
			targetProxy = 7A5BD22326F73E9900097D09 /* PBXContainerItemProxy */;
		};
		7A5BD23826F73E9A00097D09 /* PBXTargetDependency */ = {
			isa = PBXTargetDependency;
			target = 7A5BD21826F73E9800097D09 /* watchOS-Cross-Platform */;
			targetProxy = 7A5BD23726F73E9A00097D09 /* PBXContainerItemProxy */;
		};
/* End PBXTargetDependency section */

/* Begin XCBuildConfiguration section */
		7A53AA4126F6A09000821E73 /* Debug */ = {
			isa = XCBuildConfiguration;
			buildSettings = {
				ASSETCATALOG_COMPILER_APPICON_NAME = AppIcon;
				ASSETCATALOG_COMPILER_GLOBAL_ACCENT_COLOR_NAME = AccentColor;
				CODE_SIGN_ENTITLEMENTS = "macOS-Cross-Platform/macOS_Cross_Platform.entitlements";
				CODE_SIGN_STYLE = Automatic;
				COMBINE_HIDPI_IMAGES = YES;
				CURRENT_PROJECT_VERSION = 1;
				DEVELOPMENT_ASSET_PATHS = "\"macOS-Cross-Platform/Preview Content\"";
				DEVELOPMENT_TEAM = VTCMU55NAJ;
				ENABLE_HARDENED_RUNTIME = YES;
				ENABLE_PREVIEWS = YES;
				GENERATE_INFOPLIST_FILE = YES;
				INFOPLIST_KEY_NSHumanReadableCopyright = "";
				LD_RUNPATH_SEARCH_PATHS = (
					"$(inherited)",
					"@executable_path/../Frameworks",
				);
				MACOSX_DEPLOYMENT_TARGET = 11.3;
				MARKETING_VERSION = 1.0;
				PRODUCT_BUNDLE_IDENTIFIER = "edgar-nzokwe.macOS-Cross-Platform";
				PRODUCT_NAME = "$(TARGET_NAME)";
				SDKROOT = macosx;
				SWIFT_EMIT_LOC_STRINGS = YES;
				SWIFT_VERSION = 5.0;
			};
			name = Debug;
		};
		7A53AA4226F6A09000821E73 /* Release */ = {
			isa = XCBuildConfiguration;
			buildSettings = {
				ASSETCATALOG_COMPILER_APPICON_NAME = AppIcon;
				ASSETCATALOG_COMPILER_GLOBAL_ACCENT_COLOR_NAME = AccentColor;
				CODE_SIGN_ENTITLEMENTS = "macOS-Cross-Platform/macOS_Cross_Platform.entitlements";
				CODE_SIGN_STYLE = Automatic;
				COMBINE_HIDPI_IMAGES = YES;
				CURRENT_PROJECT_VERSION = 1;
				DEVELOPMENT_ASSET_PATHS = "\"macOS-Cross-Platform/Preview Content\"";
				DEVELOPMENT_TEAM = VTCMU55NAJ;
				ENABLE_HARDENED_RUNTIME = YES;
				ENABLE_PREVIEWS = YES;
				GENERATE_INFOPLIST_FILE = YES;
				INFOPLIST_KEY_NSHumanReadableCopyright = "";
				LD_RUNPATH_SEARCH_PATHS = (
					"$(inherited)",
					"@executable_path/../Frameworks",
				);
				MACOSX_DEPLOYMENT_TARGET = 11.3;
				MARKETING_VERSION = 1.0;
				PRODUCT_BUNDLE_IDENTIFIER = "edgar-nzokwe.macOS-Cross-Platform";
				PRODUCT_NAME = "$(TARGET_NAME)";
				SDKROOT = macosx;
				SWIFT_EMIT_LOC_STRINGS = YES;
				SWIFT_VERSION = 5.0;
			};
			name = Release;
		};
		7A5BD23B26F73E9A00097D09 /* Debug */ = {
			isa = XCBuildConfiguration;
			buildSettings = {
				ALWAYS_EMBED_SWIFT_STANDARD_LIBRARIES = YES;
				ASSETCATALOG_COMPILER_APPICON_NAME = AppIcon;
				ASSETCATALOG_COMPILER_GLOBAL_ACCENT_COLOR_NAME = AccentColor;
				CODE_SIGN_STYLE = Automatic;
				CURRENT_PROJECT_VERSION = 1;
				DEVELOPMENT_TEAM = VTCMU55NAJ;
				GENERATE_INFOPLIST_FILE = YES;
				IBSC_MODULE = watchOS_Cross_Platform_WatchKit_Extension;
				INFOPLIST_KEY_CFBundleDisplayName = "watchOS-Cross-Platform";
				INFOPLIST_KEY_UISupportedInterfaceOrientations = "UIInterfaceOrientationPortrait UIInterfaceOrientationPortraitUpsideDown";
				INFOPLIST_KEY_WKCompanionAppBundleIdentifier = "edgar-nzokwe.Cross-Platform";
				MARKETING_VERSION = 1.0;
				PRODUCT_BUNDLE_IDENTIFIER = "edgar-nzokwe.Cross-Platform.watchkitapp";
				PRODUCT_NAME = "$(TARGET_NAME)";
				SDKROOT = watchos;
				SKIP_INSTALL = YES;
				SWIFT_EMIT_LOC_STRINGS = YES;
				SWIFT_VERSION = 5.0;
				TARGETED_DEVICE_FAMILY = 4;
				WATCHOS_DEPLOYMENT_TARGET = 8.0;
			};
			name = Debug;
		};
		7A5BD23C26F73E9A00097D09 /* Release */ = {
			isa = XCBuildConfiguration;
			buildSettings = {
				ALWAYS_EMBED_SWIFT_STANDARD_LIBRARIES = YES;
				ASSETCATALOG_COMPILER_APPICON_NAME = AppIcon;
				ASSETCATALOG_COMPILER_GLOBAL_ACCENT_COLOR_NAME = AccentColor;
				CODE_SIGN_STYLE = Automatic;
				CURRENT_PROJECT_VERSION = 1;
				DEVELOPMENT_TEAM = VTCMU55NAJ;
				GENERATE_INFOPLIST_FILE = YES;
				IBSC_MODULE = watchOS_Cross_Platform_WatchKit_Extension;
				INFOPLIST_KEY_CFBundleDisplayName = "watchOS-Cross-Platform";
				INFOPLIST_KEY_UISupportedInterfaceOrientations = "UIInterfaceOrientationPortrait UIInterfaceOrientationPortraitUpsideDown";
				INFOPLIST_KEY_WKCompanionAppBundleIdentifier = "edgar-nzokwe.Cross-Platform";
				MARKETING_VERSION = 1.0;
				PRODUCT_BUNDLE_IDENTIFIER = "edgar-nzokwe.Cross-Platform.watchkitapp";
				PRODUCT_NAME = "$(TARGET_NAME)";
				SDKROOT = watchos;
				SKIP_INSTALL = YES;
				SWIFT_EMIT_LOC_STRINGS = YES;
				SWIFT_VERSION = 5.0;
				TARGETED_DEVICE_FAMILY = 4;
				WATCHOS_DEPLOYMENT_TARGET = 8.0;
			};
			name = Release;
		};
		7A5BD23E26F73E9A00097D09 /* Debug */ = {
			isa = XCBuildConfiguration;
			buildSettings = {
				ASSETCATALOG_COMPILER_COMPLICATION_NAME = Complication;
				CODE_SIGN_STYLE = Automatic;
				CURRENT_PROJECT_VERSION = 1;
				DEVELOPMENT_ASSET_PATHS = "\"watchOS-Cross-Platform WatchKit Extension/Preview Content\"";
				DEVELOPMENT_TEAM = VTCMU55NAJ;
				ENABLE_PREVIEWS = YES;
				GENERATE_INFOPLIST_FILE = YES;
				INFOPLIST_FILE = "watchOS-Cross-Platform WatchKit Extension/Info.plist";
				INFOPLIST_KEY_CFBundleDisplayName = "watchOS-Cross-Platform WatchKit Extension";
				INFOPLIST_KEY_CLKComplicationPrincipalClass = "$(PRODUCT_MODULE_NAME).ComplicationController";
				INFOPLIST_KEY_NSHumanReadableCopyright = "";
				LD_RUNPATH_SEARCH_PATHS = (
					"$(inherited)",
					"@executable_path/Frameworks",
					"@executable_path/../../Frameworks",
				);
				MARKETING_VERSION = 1.0;
				PRODUCT_BUNDLE_IDENTIFIER = "edgar-nzokwe.Cross-Platform.watchkitapp.watchkitextension";
				PRODUCT_NAME = "${TARGET_NAME}";
				SDKROOT = watchos;
				SKIP_INSTALL = YES;
				SWIFT_EMIT_LOC_STRINGS = YES;
				SWIFT_VERSION = 5.0;
				TARGETED_DEVICE_FAMILY = 4;
				WATCHOS_DEPLOYMENT_TARGET = 8.0;
			};
			name = Debug;
		};
		7A5BD23F26F73E9A00097D09 /* Release */ = {
			isa = XCBuildConfiguration;
			buildSettings = {
				ASSETCATALOG_COMPILER_COMPLICATION_NAME = Complication;
				CODE_SIGN_STYLE = Automatic;
				CURRENT_PROJECT_VERSION = 1;
				DEVELOPMENT_ASSET_PATHS = "\"watchOS-Cross-Platform WatchKit Extension/Preview Content\"";
				DEVELOPMENT_TEAM = VTCMU55NAJ;
				ENABLE_PREVIEWS = YES;
				GENERATE_INFOPLIST_FILE = YES;
				INFOPLIST_FILE = "watchOS-Cross-Platform WatchKit Extension/Info.plist";
				INFOPLIST_KEY_CFBundleDisplayName = "watchOS-Cross-Platform WatchKit Extension";
				INFOPLIST_KEY_CLKComplicationPrincipalClass = "$(PRODUCT_MODULE_NAME).ComplicationController";
				INFOPLIST_KEY_NSHumanReadableCopyright = "";
				LD_RUNPATH_SEARCH_PATHS = (
					"$(inherited)",
					"@executable_path/Frameworks",
					"@executable_path/../../Frameworks",
				);
				MARKETING_VERSION = 1.0;
				PRODUCT_BUNDLE_IDENTIFIER = "edgar-nzokwe.Cross-Platform.watchkitapp.watchkitextension";
				PRODUCT_NAME = "${TARGET_NAME}";
				SDKROOT = watchos;
				SKIP_INSTALL = YES;
				SWIFT_EMIT_LOC_STRINGS = YES;
				SWIFT_VERSION = 5.0;
				TARGETED_DEVICE_FAMILY = 4;
				WATCHOS_DEPLOYMENT_TARGET = 8.0;
			};
			name = Release;
		};
		7ACCC97426F61F3D00224E41 /* Debug */ = {
			isa = XCBuildConfiguration;
			buildSettings = {
				ALWAYS_SEARCH_USER_PATHS = NO;
				CLANG_ANALYZER_NONNULL = YES;
				CLANG_ANALYZER_NUMBER_OBJECT_CONVERSION = YES_AGGRESSIVE;
				CLANG_CXX_LANGUAGE_STANDARD = "gnu++17";
				CLANG_CXX_LIBRARY = "libc++";
				CLANG_ENABLE_MODULES = YES;
				CLANG_ENABLE_OBJC_ARC = YES;
				CLANG_ENABLE_OBJC_WEAK = YES;
				CLANG_WARN_BLOCK_CAPTURE_AUTORELEASING = YES;
				CLANG_WARN_BOOL_CONVERSION = YES;
				CLANG_WARN_COMMA = YES;
				CLANG_WARN_CONSTANT_CONVERSION = YES;
				CLANG_WARN_DEPRECATED_OBJC_IMPLEMENTATIONS = YES;
				CLANG_WARN_DIRECT_OBJC_ISA_USAGE = YES_ERROR;
				CLANG_WARN_DOCUMENTATION_COMMENTS = YES;
				CLANG_WARN_EMPTY_BODY = YES;
				CLANG_WARN_ENUM_CONVERSION = YES;
				CLANG_WARN_INFINITE_RECURSION = YES;
				CLANG_WARN_INT_CONVERSION = YES;
				CLANG_WARN_NON_LITERAL_NULL_CONVERSION = YES;
				CLANG_WARN_OBJC_IMPLICIT_RETAIN_SELF = YES;
				CLANG_WARN_OBJC_LITERAL_CONVERSION = YES;
				CLANG_WARN_OBJC_ROOT_CLASS = YES_ERROR;
				CLANG_WARN_QUOTED_INCLUDE_IN_FRAMEWORK_HEADER = YES;
				CLANG_WARN_RANGE_LOOP_ANALYSIS = YES;
				CLANG_WARN_STRICT_PROTOTYPES = YES;
				CLANG_WARN_SUSPICIOUS_MOVE = YES;
				CLANG_WARN_UNGUARDED_AVAILABILITY = YES_AGGRESSIVE;
				CLANG_WARN_UNREACHABLE_CODE = YES;
				CLANG_WARN__DUPLICATE_METHOD_MATCH = YES;
				COPY_PHASE_STRIP = NO;
				DEBUG_INFORMATION_FORMAT = dwarf;
				ENABLE_STRICT_OBJC_MSGSEND = YES;
				ENABLE_TESTABILITY = YES;
				GCC_C_LANGUAGE_STANDARD = gnu11;
				GCC_DYNAMIC_NO_PIC = NO;
				GCC_NO_COMMON_BLOCKS = YES;
				GCC_OPTIMIZATION_LEVEL = 0;
				GCC_PREPROCESSOR_DEFINITIONS = (
					"DEBUG=1",
					"$(inherited)",
				);
				GCC_WARN_64_TO_32_BIT_CONVERSION = YES;
				GCC_WARN_ABOUT_RETURN_TYPE = YES_ERROR;
				GCC_WARN_UNDECLARED_SELECTOR = YES;
				GCC_WARN_UNINITIALIZED_AUTOS = YES_AGGRESSIVE;
				GCC_WARN_UNUSED_FUNCTION = YES;
				GCC_WARN_UNUSED_VARIABLE = YES;
				IPHONEOS_DEPLOYMENT_TARGET = 15.0;
				MTL_ENABLE_DEBUG_INFO = INCLUDE_SOURCE;
				MTL_FAST_MATH = YES;
				ONLY_ACTIVE_ARCH = YES;
				SDKROOT = iphoneos;
				SWIFT_ACTIVE_COMPILATION_CONDITIONS = DEBUG;
				SWIFT_OPTIMIZATION_LEVEL = "-Onone";
			};
			name = Debug;
		};
		7ACCC97526F61F3D00224E41 /* Release */ = {
			isa = XCBuildConfiguration;
			buildSettings = {
				ALWAYS_SEARCH_USER_PATHS = NO;
				CLANG_ANALYZER_NONNULL = YES;
				CLANG_ANALYZER_NUMBER_OBJECT_CONVERSION = YES_AGGRESSIVE;
				CLANG_CXX_LANGUAGE_STANDARD = "gnu++17";
				CLANG_CXX_LIBRARY = "libc++";
				CLANG_ENABLE_MODULES = YES;
				CLANG_ENABLE_OBJC_ARC = YES;
				CLANG_ENABLE_OBJC_WEAK = YES;
				CLANG_WARN_BLOCK_CAPTURE_AUTORELEASING = YES;
				CLANG_WARN_BOOL_CONVERSION = YES;
				CLANG_WARN_COMMA = YES;
				CLANG_WARN_CONSTANT_CONVERSION = YES;
				CLANG_WARN_DEPRECATED_OBJC_IMPLEMENTATIONS = YES;
				CLANG_WARN_DIRECT_OBJC_ISA_USAGE = YES_ERROR;
				CLANG_WARN_DOCUMENTATION_COMMENTS = YES;
				CLANG_WARN_EMPTY_BODY = YES;
				CLANG_WARN_ENUM_CONVERSION = YES;
				CLANG_WARN_INFINITE_RECURSION = YES;
				CLANG_WARN_INT_CONVERSION = YES;
				CLANG_WARN_NON_LITERAL_NULL_CONVERSION = YES;
				CLANG_WARN_OBJC_IMPLICIT_RETAIN_SELF = YES;
				CLANG_WARN_OBJC_LITERAL_CONVERSION = YES;
				CLANG_WARN_OBJC_ROOT_CLASS = YES_ERROR;
				CLANG_WARN_QUOTED_INCLUDE_IN_FRAMEWORK_HEADER = YES;
				CLANG_WARN_RANGE_LOOP_ANALYSIS = YES;
				CLANG_WARN_STRICT_PROTOTYPES = YES;
				CLANG_WARN_SUSPICIOUS_MOVE = YES;
				CLANG_WARN_UNGUARDED_AVAILABILITY = YES_AGGRESSIVE;
				CLANG_WARN_UNREACHABLE_CODE = YES;
				CLANG_WARN__DUPLICATE_METHOD_MATCH = YES;
				COPY_PHASE_STRIP = NO;
				DEBUG_INFORMATION_FORMAT = "dwarf-with-dsym";
				ENABLE_NS_ASSERTIONS = NO;
				ENABLE_STRICT_OBJC_MSGSEND = YES;
				GCC_C_LANGUAGE_STANDARD = gnu11;
				GCC_NO_COMMON_BLOCKS = YES;
				GCC_WARN_64_TO_32_BIT_CONVERSION = YES;
				GCC_WARN_ABOUT_RETURN_TYPE = YES_ERROR;
				GCC_WARN_UNDECLARED_SELECTOR = YES;
				GCC_WARN_UNINITIALIZED_AUTOS = YES_AGGRESSIVE;
				GCC_WARN_UNUSED_FUNCTION = YES;
				GCC_WARN_UNUSED_VARIABLE = YES;
				IPHONEOS_DEPLOYMENT_TARGET = 15.0;
				MTL_ENABLE_DEBUG_INFO = NO;
				MTL_FAST_MATH = YES;
				SDKROOT = iphoneos;
				SWIFT_COMPILATION_MODE = wholemodule;
				SWIFT_OPTIMIZATION_LEVEL = "-O";
				VALIDATE_PRODUCT = YES;
			};
			name = Release;
		};
		7ACCC97726F61F3D00224E41 /* Debug */ = {
			isa = XCBuildConfiguration;
			buildSettings = {
				ASSETCATALOG_COMPILER_APPICON_NAME = AppIcon;
				ASSETCATALOG_COMPILER_GLOBAL_ACCENT_COLOR_NAME = AccentColor;
				CODE_SIGN_STYLE = Automatic;
				CURRENT_PROJECT_VERSION = 1;
				DEVELOPMENT_ASSET_PATHS = "\"Cross-Platform/Preview Content\"";
				DEVELOPMENT_TEAM = VTCMU55NAJ;
				ENABLE_PREVIEWS = YES;
				GENERATE_INFOPLIST_FILE = YES;
				INFOPLIST_KEY_UIApplicationSceneManifest_Generation = YES;
				INFOPLIST_KEY_UIApplicationSupportsIndirectInputEvents = YES;
				INFOPLIST_KEY_UILaunchScreen_Generation = YES;
				INFOPLIST_KEY_UISupportedInterfaceOrientations_iPad = "UIInterfaceOrientationPortrait UIInterfaceOrientationPortraitUpsideDown UIInterfaceOrientationLandscapeLeft UIInterfaceOrientationLandscapeRight";
				INFOPLIST_KEY_UISupportedInterfaceOrientations_iPhone = "UIInterfaceOrientationPortrait UIInterfaceOrientationLandscapeLeft UIInterfaceOrientationLandscapeRight";
				IPHONEOS_DEPLOYMENT_TARGET = 15.0;
				LD_RUNPATH_SEARCH_PATHS = (
					"$(inherited)",
					"@executable_path/Frameworks",
				);
				MARKETING_VERSION = 1.0;
				PRODUCT_BUNDLE_IDENTIFIER = "edgar-nzokwe.Cross-Platform";
				PRODUCT_NAME = "$(TARGET_NAME)";
				SWIFT_EMIT_LOC_STRINGS = YES;
				SWIFT_VERSION = 5.0;
				TARGETED_DEVICE_FAMILY = "1,2";
			};
			name = Debug;
		};
		7ACCC97826F61F3D00224E41 /* Release */ = {
			isa = XCBuildConfiguration;
			buildSettings = {
				ASSETCATALOG_COMPILER_APPICON_NAME = AppIcon;
				ASSETCATALOG_COMPILER_GLOBAL_ACCENT_COLOR_NAME = AccentColor;
				CODE_SIGN_STYLE = Automatic;
				CURRENT_PROJECT_VERSION = 1;
				DEVELOPMENT_ASSET_PATHS = "\"Cross-Platform/Preview Content\"";
				DEVELOPMENT_TEAM = VTCMU55NAJ;
				ENABLE_PREVIEWS = YES;
				GENERATE_INFOPLIST_FILE = YES;
				INFOPLIST_KEY_UIApplicationSceneManifest_Generation = YES;
				INFOPLIST_KEY_UIApplicationSupportsIndirectInputEvents = YES;
				INFOPLIST_KEY_UILaunchScreen_Generation = YES;
				INFOPLIST_KEY_UISupportedInterfaceOrientations_iPad = "UIInterfaceOrientationPortrait UIInterfaceOrientationPortraitUpsideDown UIInterfaceOrientationLandscapeLeft UIInterfaceOrientationLandscapeRight";
				INFOPLIST_KEY_UISupportedInterfaceOrientations_iPhone = "UIInterfaceOrientationPortrait UIInterfaceOrientationLandscapeLeft UIInterfaceOrientationLandscapeRight";
				IPHONEOS_DEPLOYMENT_TARGET = 15.0;
				LD_RUNPATH_SEARCH_PATHS = (
					"$(inherited)",
					"@executable_path/Frameworks",
				);
				MARKETING_VERSION = 1.0;
				PRODUCT_BUNDLE_IDENTIFIER = "edgar-nzokwe.Cross-Platform";
				PRODUCT_NAME = "$(TARGET_NAME)";
				SWIFT_EMIT_LOC_STRINGS = YES;
				SWIFT_VERSION = 5.0;
				TARGETED_DEVICE_FAMILY = "1,2";
			};
			name = Release;
		};
/* End XCBuildConfiguration section */

/* Begin XCConfigurationList section */
		7A53AA4026F6A09000821E73 /* Build configuration list for PBXNativeTarget "macOS-Cross-Platform" */ = {
			isa = XCConfigurationList;
			buildConfigurations = (
				7A53AA4126F6A09000821E73 /* Debug */,
				7A53AA4226F6A09000821E73 /* Release */,
			);
			defaultConfigurationIsVisible = 0;
			defaultConfigurationName = Release;
		};
		7A5BD24026F73E9A00097D09 /* Build configuration list for PBXNativeTarget "watchOS-Cross-Platform WatchKit Extension" */ = {
			isa = XCConfigurationList;
			buildConfigurations = (
				7A5BD23E26F73E9A00097D09 /* Debug */,
				7A5BD23F26F73E9A00097D09 /* Release */,
			);
			defaultConfigurationIsVisible = 0;
			defaultConfigurationName = Release;
		};
		7A5BD24126F73E9A00097D09 /* Build configuration list for PBXNativeTarget "watchOS-Cross-Platform" */ = {
			isa = XCConfigurationList;
			buildConfigurations = (
				7A5BD23B26F73E9A00097D09 /* Debug */,
				7A5BD23C26F73E9A00097D09 /* Release */,
			);
			defaultConfigurationIsVisible = 0;
			defaultConfigurationName = Release;
		};
		7ACCC96326F61F3C00224E41 /* Build configuration list for PBXProject "Cross-Platform" */ = {
			isa = XCConfigurationList;
			buildConfigurations = (
				7ACCC97426F61F3D00224E41 /* Debug */,
				7ACCC97526F61F3D00224E41 /* Release */,
			);
			defaultConfigurationIsVisible = 0;
			defaultConfigurationName = Release;
		};
		7ACCC97626F61F3D00224E41 /* Build configuration list for PBXNativeTarget "Cross-Platform" */ = {
			isa = XCConfigurationList;
			buildConfigurations = (
				7ACCC97726F61F3D00224E41 /* Debug */,
				7ACCC97826F61F3D00224E41 /* Release */,
			);
			defaultConfigurationIsVisible = 0;
			defaultConfigurationName = Release;
		};
/* End XCConfigurationList section */
	};
	rootObject = 7ACCC96026F61F3C00224E41 /* Project object */;
}
