{
  "object": {
    "pins": [
      {
        "package": "ViewInspector",
        "repositoryURL": "https://github.com/nalexn/ViewInspector",
        "state": {
          "branch": null,
          "revision": "0d546878902bdde8c4682141f848a9dc44e04ba6",
          "version": "0.9.0"
        }
      }
    ]
  },
  "version": 1
}
