{
  "object": {
    "pins": [
      {
        "package": "ViewInspector",
        "repositoryURL": "https://github.com/nalexn/ViewInspector",
        "state": {
          "branch": "0.8.2",
          "revision": "bea0b7245db290d81c97efd00bdf3bfc5ae2c8db",
          "version": null
        }
      }
    ]
  },
  "version": 1
}
